{
  "requires": true,
  "lockfileVersion": 1,
  "dependencies": {
    "@angular/animations": {
      "version": "7.2.4",
      "resolved": "https://registry.npmjs.org/@angular/animations/-/animations-7.2.4.tgz",
      "integrity": "sha512-Wx6cqU6koFOASlyl4aCygtbtROoehU6OKwV2EZTkfzHx6Eu/QyTiSa5kyoApVM5LMmCNeb8SxJMSAnKXztNl0A==",
      "requires": {
        "tslib": "^1.9.0"
      }
    },
    "@angular/cdk": {
      "version": "7.3.2",
      "resolved": "https://registry.npmjs.org/@angular/cdk/-/cdk-7.3.2.tgz",
      "integrity": "sha512-jnthvY1Kt+DpJTrkgyKTiVuYgBdp4iG7QDeZJPBQm0e8mL2K0Pi9AqFbo01E4CGPqZpvtEggvqM0OJpR8J+amw==",
      "requires": {
        "parse5": "^5.0.0",
        "tslib": "^1.7.1"
      }
    },
    "@angular/material": {
      "version": "7.3.2",
      "resolved": "https://registry.npmjs.org/@angular/material/-/material-7.3.2.tgz",
      "integrity": "sha512-x3it941KE8zuzDH1VLP4yfgmC3hwrqa1a2GHiekztF2KrbWPzEEGNvlyYOUV7nwiuwFw5twON73rW0HUKndwEA==",
      "requires": {
        "tslib": "^1.7.1"
      }
    },
    "parse5": {
      "version": "5.1.0",
      "resolved": "https://registry.npmjs.org/parse5/-/parse5-5.1.0.tgz",
      "integrity": "sha512-fxNG2sQjHvlVAYmzBZS9YlDp6PTSSDwa98vkD4QgVDDCAo84z5X1t5XyJQ62ImdLXx5NdIIfihey6xpum9/gRQ==",
      "optional": true
    },
    "tslib": {
      "version": "1.9.3",
      "resolved": "https://registry.npmjs.org/tslib/-/tslib-1.9.3.tgz",
      "integrity": "sha512-4krF8scpejhaOgqzBEcGM7yDIEfi0/8+8zDRZhNZZ2kjmHJ4hv3zCbQWxoJGz1iw5U0Jl0nma13xzHXcncMavQ=="
    }
  }
}
